
Microsoft Visual Studio Solution File, Format Version 12.00
# Visual Studio Version 17
VisualStudioVersion = 17.11.35222.181
MinimumVisualStudioVersion = 10.0.40219.1
Project("{FAE04EC0-301F-11D3-BF4B-00C04F79EFBC}") = "ASP.NET MVC_with_IndividualAcount_with_Sidebar", "ASP.NET MVC_with_IndividualAcount_with_Sidebar\ASP.NET MVC_with_IndividualAcount_with_Sidebar.csproj", "{8C241E86-007F-4CA2-B7C5-4DB84399C645}"
EndProject
Global
	GlobalSection(SolutionConfigurationPlatforms) = preSolution
		Debug|Any CPU = Debug|Any CPU
		Release|Any CPU = Release|Any CPU
	EndGlobalSection
	GlobalSection(ProjectConfigurationPlatforms) = postSolution
		{8C241E86-007F-4CA2-B7C5-4DB84399C645}.Debug|Any CPU.ActiveCfg = Debug|Any CPU
		{8C241E86-007F-4CA2-B7C5-4DB84399C645}.Debug|Any CPU.Build.0 = Debug|Any CPU
		{8C241E86-007F-4CA2-B7C5-4DB84399C645}.Release|Any CPU.ActiveCfg = Release|Any CPU
		{8C241E86-007F-4CA2-B7C5-4DB84399C645}.Release|Any CPU.Build.0 = Release|Any CPU
	EndGlobalSection
	GlobalSection(SolutionProperties) = preSolution
		HideSolutionNode = FALSE
	EndGlobalSection
	GlobalSection(ExtensibilityGlobals) = postSolution
		SolutionGuid = {F9F230B0-39AC-462B-BDBE-60BA7DB25F97}
	EndGlobalSection
EndGlobal
